<?xml version="1.0" encoding="UTF-8" standalone="yes" ?>
<CodeBlocks_project_file>
	<FileVersion major="1" minor="6" />
	<Project>
		<Option title="C::B Share Config Unix" />
		<Option compiler="gcc" />
		<Build>
			<Target title="default">
				<Option output="../../devel$(#WXWIDGETS.WX_VERSION)_$(#CB_BUILD.OSBITS)/cb_share_config" prefix_auto="1" extension_auto="1" />
				<Option working_dir="../../devel$(#WXWIDGETS.WX_VERSION)_$(#CB_BUILD.OSBITS)" />
				<Option object_output="../../.objs$(#WXWIDGETS.WX_VERSION)_$(#CB_BUILD.OSBITS)/tools/cb_share_config" />
				<Option type="0" />
				<Option compiler="gcc" />
			</Target>
		</Build>
		<VirtualTargets>
			<Add alias="All" targets="default;" />
		</VirtualTargets>
		<Compiler>
			<Add option="-Wall" />
			<Add option="-fPIC" />
			<Add option="`$(#WXWIDGETS.WX_CONFIG_UNIX) --cflags`" />
			<Add option="-fexceptions" />
			<Add option="-Winvalid-pch" />
			<Add option="`pkg-config $(#CB_BUILD.PKG_CONFIG_GLIB) --cflags`" />
			<Add option="-std=$(#CB_BUILD.CPP_STD)" />
			<Add option="-DPIC" />
			<Add option="-DcbDEBUG" />
			<Add option="-DCB_PRECOMP" />
			<Add directory="../../include" />
			<Add directory="../../include/tinyxml" />
			<Add directory="../../sdk/wxscintilla/include" />
		</Compiler>
		<Linker>
			<Add option="`$(#WXWIDGETS.WX_CONFIG_UNIX) --libs std,propgrid`" />
			<Add option="`pkg-config $(#CB_BUILD.PKG_CONFIG_GLIB) --libs`" />
			<Add library="txml" />
			<Add directory="../../devel$(#WXWIDGETS.WX_VERSION)_$(#CB_BUILD.OSBITS)" />
		</Linker>
		<Unit filename="app.cpp" />
		<Unit filename="app.h" />
		<Unit filename="mainframe.cpp" />
		<Unit filename="mainframe.h" />
		<Unit filename="wxsmith/MainFrame.wxs" />
		<Extensions />
	</Project>
</CodeBlocks_project_file>
