<?xml version="1.0" encoding="UTF-8" standalone="yes" ?>
<CodeBlocks_project_file>
	<FileVersion major="1" minor="6" />
	<Project>
		<Option title="Help Plugin MacOS" />
		<Option default_target="help_plugin" />
		<Option compiler="gcc" />
		<Build>
			<Target title="help_plugin">
				<Option output="$(#CB_BUILD)/devel$(#WXWIDGETS.WX_VERSION)_$(#CB_BUILD.OSBITS)/share/codeblocks/plugins/help_plugin" prefix_auto="1" extension_auto="1" />
				<Option object_output="$(#CB_BUILD)/.objs$(#WXWIDGETS.WX_VERSION)_$(#CB_BUILD.OSBITS)/plugins/help_plugin" />
				<Option type="3" />
				<Option compiler="gcc" />
				<Option parameters="--debug-log --multiple-instance -ns -ni -p debug" />
				<Option host_application="$(#CB_BUILD)/devel$(#WXWIDGETS.WX_VERSION)_$(#CB_BUILD.OSBITS)/codeblocks" />
				<Option run_host_application_in_terminal="0" />
				<Option createDefFile="1" />
				<ExtraCommands>
					<!-- Create output directories -->
					<Add before="if [ ! -d $(TARGET_OUTPUT_DIR) ] ; then mkdir -p $(TARGET_OUTPUT_DIR) ; fi" />
					<Add before="if [ ! -d $(#CB_BUILD)/devel$(#WXWIDGETS.WX_VERSION)_$(#CB_BUILD.OSBITS)/share/codeblocks/docs ] ; then mkdir -p $(#CB_BUILD)/devel$(#WXWIDGETS.WX_VERSION)_$(#CB_BUILD.OSBITS)/share/codeblocks/docs ; fi" />
					<Mode before="always" />

					<!-- Create help_plugin.zip -->
					<Add after="zip -jq9  $(#CB_BUILD)/devel$(#WXWIDGETS.WX_VERSION)_$(#CB_BUILD.OSBITS)/share/codeblocks/help_plugin.zip manifest.xml *.xrc" />
					<Add after="zip -rq9 $(#CB_BUILD)/devel$(#WXWIDGETS.WX_VERSION)_$(#CB_BUILD.OSBITS)/share/codeblocks/help_plugin.zip ./images" />

					<!-- Copy file to docs directory -->
					<Add before="if [ ! -d $(#CB_BUILD)/../windows_installer ] ; then cp index.ini $(#CB_BUILD)/devel$(#WXWIDGETS.WX_VERSION)_$(#CB_BUILD.OSBITS)/share/codeblocks/docs ; fi" />
					<Add before="if [ -d $(#CB_BUILD)/../windows_installer ] ; then cp $(#CB_BUILD)/../windows_installer/Documentation/*.* $(#CB_BUILD)/devel$(#WXWIDGETS.WX_VERSION)_$(#CB_BUILD.OSBITS)/share/codeblocks/docs ; fi" />

					<Mode after="always" />
				</ExtraCommands>
			</Target>
		</Build>
		<VirtualTargets>
			<Add alias="All" targets="help_plugin;" />
		</VirtualTargets>
		<Compiler>
			<Add option="-Wall" />
			<Add option="-fPIC" />
			<Add option="-D__WXMAC__" />
			<Add option="-std=$(#CB_BUILD.CPP_STD)" />
			<Add option="`$(#WXWIDGETS.WX_CONFIG_MACOS) --cflags`" />
			<Add option="-Winvalid-pch" />
			<Add option="-fexceptions" />
			<Add option="-DCB_PRECOMP" />
			<Add option="-DcbDEBUG" />
			<Add option="$(#CB_BUILD.CFLAGS)" />
			<Add directory="$(#CB_BUILD.INCLUDE)" />
			<Add directory="$(#CB_BUILD.INCLUDE)/tinyxml" />
			<Add directory="$(#CB_BUILD)/sdk/wxscintilla/include" />
			<Add directory="$(#CB_BUILD.INCLUDE)/scripting/include" />
		</Compiler>
		<Linker>
			<Add option="`$(#WXWIDGETS.WX_CONFIG_MACOS) --libs`" />
			<Add directory="$(#CB_BUILD)/devel$(#WXWIDGETS.WX_VERSION)_$(#CB_BUILD.OSBITS)" />
			<Add library="bz2" />
			<Add library="z" />
			<Add library="codeblocks" />
		</Linker>
		<Unit filename="HelpConfigDialog.cpp">
			<Option target="help_plugin" />
		</Unit>
		<Unit filename="HelpConfigDialog.h">
			<Option target="help_plugin" />
		</Unit>
		<Unit filename="MANFrame.cpp">
			<Option target="help_plugin" />
		</Unit>
		<Unit filename="MANFrame.h">
			<Option target="help_plugin" />
		</Unit>
		<Unit filename="bzip2/blocksort.c">
			<Option compilerVar="CC" />
			<Option target="bzip2" />
		</Unit>
		<Unit filename="bzip2/bzlib.c">
			<Option compilerVar="CC" />
			<Option target="bzip2" />
		</Unit>
		<Unit filename="bzip2/bzlib.h">
			<Option target="bzip2" />
		</Unit>
		<Unit filename="bzip2/bzlib_private.h">
			<Option target="bzip2" />
		</Unit>
		<Unit filename="bzip2/compress.c">
			<Option compilerVar="CC" />
			<Option target="bzip2" />
		</Unit>
		<Unit filename="bzip2/crctable.c">
			<Option compilerVar="CC" />
			<Option target="bzip2" />
		</Unit>
		<Unit filename="bzip2/decompress.c">
			<Option compilerVar="CC" />
			<Option target="bzip2" />
		</Unit>
		<Unit filename="bzip2/huffman.c">
			<Option compilerVar="CC" />
			<Option target="bzip2" />
		</Unit>
		<Unit filename="bzip2/randtable.c">
			<Option compilerVar="CC" />
			<Option target="bzip2" />
		</Unit>
		<Unit filename="defs.h">
			<Option target="help_plugin" />
		</Unit>
		<Unit filename="help_common.cpp">
			<Option target="help_plugin" />
		</Unit>
		<Unit filename="help_common.h">
			<Option target="help_plugin" />
		</Unit>
		<Unit filename="help_plugin.cpp">
			<Option target="help_plugin" />
		</Unit>
		<Unit filename="help_plugin.h">
			<Option target="help_plugin" />
		</Unit>
		<Unit filename="help_plugin.xrc">
			<Option target="help_plugin" />
		</Unit>
		<Unit filename="man2html.cpp">
			<Option target="help_plugin" />
		</Unit>
		<Unit filename="man2html.h">
			<Option target="help_plugin" />
		</Unit>
		<Unit filename="manifest.xml">
			<Option target="help_plugin" />
		</Unit>
		<Unit filename="zlib/adler32.c">
			<Option compilerVar="CC" />
			<Option target="zlib" />
		</Unit>
		<Unit filename="zlib/compress.c">
			<Option compilerVar="CC" />
			<Option target="zlib" />
		</Unit>
		<Unit filename="zlib/crc32.c">
			<Option compilerVar="CC" />
			<Option target="zlib" />
		</Unit>
		<Unit filename="zlib/crc32.h">
			<Option target="zlib" />
		</Unit>
		<Unit filename="zlib/deflate.c">
			<Option compilerVar="CC" />
			<Option target="zlib" />
		</Unit>
		<Unit filename="zlib/deflate.h">
			<Option target="zlib" />
		</Unit>
		<Unit filename="zlib/gzclose.c">
			<Option compilerVar="CC" />
			<Option target="zlib" />
		</Unit>
		<Unit filename="zlib/gzguts.h">
			<Option target="zlib" />
		</Unit>
		<Unit filename="zlib/gzlib.c">
			<Option compilerVar="CC" />
			<Option target="zlib" />
		</Unit>
		<Unit filename="zlib/gzread.c">
			<Option compilerVar="CC" />
			<Option target="zlib" />
		</Unit>
		<Unit filename="zlib/gzwrite.c">
			<Option compilerVar="CC" />
			<Option target="zlib" />
		</Unit>
		<Unit filename="zlib/infback.c">
			<Option compilerVar="CC" />
			<Option target="zlib" />
		</Unit>
		<Unit filename="zlib/inffast.c">
			<Option compilerVar="CC" />
			<Option target="zlib" />
		</Unit>
		<Unit filename="zlib/inffast.h">
			<Option target="zlib" />
		</Unit>
		<Unit filename="zlib/inffixed.h">
			<Option target="zlib" />
		</Unit>
		<Unit filename="zlib/inflate.c">
			<Option compilerVar="CC" />
			<Option target="zlib" />
		</Unit>
		<Unit filename="zlib/inflate.h">
			<Option target="zlib" />
		</Unit>
		<Unit filename="zlib/inftrees.c">
			<Option compilerVar="CC" />
			<Option target="zlib" />
		</Unit>
		<Unit filename="zlib/inftrees.h">
			<Option target="zlib" />
		</Unit>
		<Unit filename="zlib/trees.c">
			<Option compilerVar="CC" />
			<Option target="zlib" />
		</Unit>
		<Unit filename="zlib/trees.h">
			<Option target="zlib" />
		</Unit>
		<Unit filename="zlib/uncompr.c">
			<Option compilerVar="CC" />
			<Option target="zlib" />
		</Unit>
		<Unit filename="zlib/zconf.h">
			<Option target="zlib" />
		</Unit>
		<Unit filename="zlib/zlib.h">
			<Option target="zlib" />
		</Unit>
		<Unit filename="zlib/zutil.c">
			<Option compilerVar="CC" />
			<Option target="zlib" />
		</Unit>
		<Unit filename="zlib/zutil.h">
			<Option target="zlib" />
		</Unit>
		<Extensions />
	</Project>
</CodeBlocks_project_file>
