<?xml version="1.0" encoding="UTF-8" standalone="yes" ?>
<CodeBlocks_project_file>
	<FileVersion major="1" minor="6" />
	<Project>
		<Option title="cbInno Windows" />
		<Option pch_mode="2" />
		<Option compiler="gcc" />
		<Build>
			<Target title="default">
				<Option output="$(#CB_BUILD)\devel$(#WXWIDGETS.WX_VERSION)_$(#CB_BUILD.OSBITS)\share\CodeBlocks\plugins\cbInno" prefix_auto="0" extension_auto="1" />
				<Option working_dir="$(#CB_BUILD)\devel$(#WXWIDGETS.WX_VERSION)_$(#CB_BUILD.OSBITS)" />
				<Option object_output="$(#CB_BUILD)\.objs$(#WXWIDGETS.WX_VERSION)_$(#CB_BUILD.OSBITS)\plugins\cbInno" />
				<Option platforms="Windows;" />
				<Option type="3" />
				<Option compiler="gcc" />
				<Option parameters="--debug-log --multiple-instance -na -ns -nd -p debug" />
				<Option host_application="$(#CB_BUILD)\devel$(#WXWIDGETS.WX_VERSION)_$(#CB_BUILD.OSBITS)\codeblocks.exe" />
				<Option run_host_application_in_terminal="0" />
				<ExtraCommands>
					<Add before="cmd /c if not exist $(TARGET_OUTPUT_DIR) mkdir $(TARGET_OUTPUT_DIR)" />

					<Add after="cmd /c if exist $(#CB_BUILD)\devel$(#WXWIDGETS.WX_VERSION)_$(#CB_BUILD.OSBITS)\share\CodeBlocks\cbInno.zip del $(#CB_BUILD)\devel$(#WXWIDGETS.WX_VERSION)_$(#CB_BUILD.OSBITS)\share\CodeBlocks\cbInno.zip" />
					<Add after="cmd /c if exist cbInno.zip del cbInno.zip" />

					<Add after="zip -jq9 $(#CB_BUILD)\devel$(#WXWIDGETS.WX_VERSION)_$(#CB_BUILD.OSBITS)\share\CodeBlocks\cbInno.zip InnoSettings.xrc" />
					<Add after="zip -jq9 $(#CB_BUILD)\devel$(#WXWIDGETS.WX_VERSION)_$(#CB_BUILD.OSBITS)\share\CodeBlocks\cbInno.zip manifest.xml" />
					<Add after="zip -jq9 $(#CB_BUILD)\devel$(#WXWIDGETS.WX_VERSION)_$(#CB_BUILD.OSBITS)\share\CodeBlocks\cbInno.zip inno*.png" />
					<Add after="zip -rq9 $(#CB_BUILD)\devel$(#WXWIDGETS.WX_VERSION)_$(#CB_BUILD.OSBITS)\share\CodeBlocks\cbInno.zip lexers\lexer_inno.*" />
					<Add after="xcopy /Y /Q lexers\lexer_inno.* $(#CB_BUILD)\devel$(#WXWIDGETS.WX_VERSION)_$(#CB_BUILD.OSBITS)\share\CodeBlocks\lexers\ " />
					<!-- Add after="xcopy /Y /Q inno*.png $(#CB_BUILD)\devel$(#WXWIDGETS.WX_VERSION)_$(#CB_BUILD.OSBITS)\share\CodeBlocks\images\settings\ " -->

					<Mode after="always" />
				</ExtraCommands>
			</Target>
		</Build>
		<VirtualTargets>
			<Add alias="All" targets="default;" />
		</VirtualTargets>
		<Compiler>
			<Add option="-Wall" />
			<Add option="$(#CB_BUILD.CFLAGS)" />
			<Add option="-pipe" />
			<Add option="-fmessage-length=0" />
			<Add option="-fexceptions" />
			<Add option="-mthreads" />
			<Add option="-std=$(#CB_BUILD.CPP_STD)" />
			<Add option="-m$(#CB_BUILD.OSBITS)" />
			<Add option="-fno-keep-inline-dllexport" />
			<Add option="-DBUILDING_PLUGIN" />
			<Add option="-DHAVE_W32API_H" />
			<Add option="-D__WXMSW__" />
			<Add option="-DWXUSINGDLL" />
			<Add option="-DcbDEBUG" />
			<Add option="-DwxUSE_UNICODE" />
			<Add option="-D_WIN$(#CB_BUILD.OSBITS)" />
			<Add directory="$(#WXWIDGETS.include)" />
			<Add directory="$(#WXWIDGETS.lib)\gcc_dll$(#WXWIDGETS.WX_CFG)\msw$(#WXWIDGETS.WX_SUFFIX)" />
			<Add directory="$(#CB_BUILD.INCLUDE)" />
			<Add directory="$(#CB_BUILD)\sdk\wxscintilla\include" />
			<Add directory="$(#CB_BUILD.INCLUDE)\tinyxml" />
			<Add directory="$(#CB_BUILD.INCLUDE)" />
		</Compiler>
		<ResourceCompiler>
			<Add directory="$(#WXWIDGETS.include)" />
			<Add directory="$(#WXWIDGETS)/lib/gcc_dll$(#WXWIDGETS.WX_CFG)/msw$(#WXWIDGETS.WX_SUFFIX)" />
		</ResourceCompiler>
		<Linker>
			<Add option="-Wl,--enable-auto-import" />
			<Add option="-Wl,--no-undefined" />
			<Add option="-mthreads" />
			<Add directory="$(#CB_BUILD)\devel$(#WXWIDGETS.WX_VERSION)_$(#CB_BUILD.OSBITS)" />
			<Add library="codeblocks" />
			<Add directory="$(#WXWIDGETS.lib)\gcc_dll$(#WXWIDGETS.WX_CFG)" />
			<Add library="wxmsw$(#WXWIDGETS.WX_VERSION)$(#WXWIDGETS.WX_SUFFIX)" />
			<Add library="ole32" />
			<Add library="uuid" />
			<Add library="rpcrt4" />
		</Linker>
		<Unit filename="ApplicationDocumentation.cpp" />
		<Unit filename="ApplicationDocumentation.h" />
		<Unit filename="ApplicationFiles.cpp" />
		<Unit filename="ApplicationFiles.h" />
		<Unit filename="ApplicationFolder.cpp" />
		<Unit filename="ApplicationFolder.h" />
		<Unit filename="ApplicationIcons.cpp" />
		<Unit filename="ApplicationIcons.h" />
		<Unit filename="ApplicationInformation.cpp" />
		<Unit filename="ApplicationInformation.h" />
		<Unit filename="Comment.cpp" />
		<Unit filename="Comment.h" />
		<Unit filename="Common.cpp" />
		<Unit filename="Common.h" />
		<Unit filename="CompilerSettings.cpp" />
		<Unit filename="CompilerSettings.h" />
		<Unit filename="Components.cpp" />
		<Unit filename="Components.h" />
		<Unit filename="Comptask.cpp" />
		<Unit filename="Comptask.h" />
		<Unit filename="Consume.cpp" />
		<Unit filename="Consume.h" />
		<Unit filename="CreateDialog.cpp" />
		<Unit filename="CreateDialog.h" />
		<Unit filename="CustomMessages.cpp" />
		<Unit filename="CustomMessages.h" />
		<Unit filename="Dirs.cpp" />
		<Unit filename="Dirs.h" />
		<Unit filename="Editor.cpp" />
		<Unit filename="Editor.h" />
		<Unit filename="Files.cpp" />
		<Unit filename="Files.h" />
		<Unit filename="FinishWizard.cpp" />
		<Unit filename="FinishWizard.h" />
		<Unit filename="Icons.cpp" />
		<Unit filename="Icons.h" />
		<Unit filename="Images\Inno.xpm" />
		<Unit filename="Images\LinksOben.xpm" />
		<Unit filename="Images\Wizard.xpm" />
		<Unit filename="Images\custom_msg.xpm" />
		<Unit filename="Images\files.xpm" />
		<Unit filename="Images\folder.xpm" />
		<Unit filename="Images\icon.xpm" />
		<Unit filename="Images\ini.xpm" />
		<Unit filename="Images\install.xpm" />
		<Unit filename="Images\install_del.xpm" />
		<Unit filename="Images\language.xpm" />
		<Unit filename="Images\msg.xpm" />
		<Unit filename="Images\pas.xpm" />
		<Unit filename="Images\registry.xpm" />
		<Unit filename="Images\run.xpm" />
		<Unit filename="Images\script.xpm" />
		<Unit filename="Images\steps.xpm" />
		<Unit filename="Images\tasks.xpm" />
		<Unit filename="Images\types.xpm" />
		<Unit filename="Images\uninstall.xpm" />
		<Unit filename="Images\uninstall_del.xpm" />
		<Unit filename="Ini.cpp" />
		<Unit filename="Ini.h" />
		<Unit filename="Inno.cpp" />
		<Unit filename="Inno.h" />
		<Unit filename="Inno.iss" />
		<Unit filename="InnoEditor.cpp" />
		<Unit filename="InnoEditor.h" />
		<Unit filename="InnoScript.cpp" />
		<Unit filename="InnoScript.h" />
		<Unit filename="InnoSettings.cpp" />
		<Unit filename="InnoSettings.h" />
		<Unit filename="InstallDelete.cpp" />
		<Unit filename="InstallDelete.h" />
		<Unit filename="Languages.cpp" />
		<Unit filename="Languages.h" />
		<Unit filename="Messages.cpp" />
		<Unit filename="Messages.h" />
		<Unit filename="Registry.cpp" />
		<Unit filename="Registry.h" />
		<Unit filename="Run.cpp" />
		<Unit filename="Run.h" />
		<Unit filename="Section.cpp" />
		<Unit filename="Section.h" />
		<Unit filename="Setup.cpp" />
		<Unit filename="Setup.h" />
		<Unit filename="SetupLanguages.cpp" />
		<Unit filename="SetupLanguages.h" />
		<Unit filename="Tasks.cpp" />
		<Unit filename="Tasks.h" />
		<Unit filename="Types.cpp" />
		<Unit filename="Types.h" />
		<Unit filename="UninstallDelete.cpp" />
		<Unit filename="UninstallDelete.h" />
		<Unit filename="WelcomePage.cpp" />
		<Unit filename="WelcomePage.h" />
		<Unit filename="Wizard.cpp" />
		<Unit filename="Wizard.h" />
		<Unit filename="WizardFile.cpp" />
		<Unit filename="WizardFile.h" />
		<Unit filename="inno.xpm" />
		<Unit filename="lexers\lexer_inno.sample" />
		<Unit filename="lexers\lexer_inno.xml" />
		<Unit filename="manifest.xml" />
		<Unit filename="manifest.rc" >
			<Option compilerVar="WINDRES" />
		</Unit>
		<Unit filename="wxsmith\ApplicationDocumentation.wxs" />
		<Unit filename="wxsmith\ApplicationFiles.wxs" />
		<Unit filename="wxsmith\ApplicationFolder.wxs" />
		<Unit filename="wxsmith\ApplicationIcons.wxs" />
		<Unit filename="wxsmith\ApplicationInformation.wxs" />
		<Unit filename="wxsmith\CompilerSettings.wxs" />
		<Unit filename="wxsmith\CreateDialog.wxs" />
		<Unit filename="wxsmith\FinishWizard.wxs" />
		<Unit filename="wxsmith\InnoEditor.wxs" />
		<Unit filename="wxsmith\InnoSettings.wxs" />
		<Unit filename="wxsmith\SetupLanguages.wxs" />
		<Unit filename="wxsmith\WelcomePage.wxs" />
		<Unit filename="wxsmith\WizardFile.wxs" />
		<Extensions>
			<code_completion />
			<envvars />
			<debugger />
			<lib_finder disable_auto="1" />
			<wxsmith version="1">
				<gui name="wxWidgets" src="" main="" init_handlers="necessary" language="CPP" />
				<resources>
					<wxPanel wxs="wxsmith\ApplicationDocumentation.wxs" src="ApplicationDocumentation.cpp" hdr="ApplicationDocumentation.h" fwddecl="0" i18n="1" name="ApplicationDocumentation" language="CPP" />
					<wxPanel wxs="wxsmith\ApplicationFiles.wxs" src="ApplicationFiles.cpp" hdr="ApplicationFiles.h" fwddecl="0" i18n="1" name="ApplicationFiles" language="CPP" />
					<wxPanel wxs="wxsmith\ApplicationFolder.wxs" src="ApplicationFolder.cpp" hdr="ApplicationFolder.h" fwddecl="0" i18n="1" name="ApplicationFolder" language="CPP" />
					<wxPanel wxs="wxsmith\ApplicationIcons.wxs" src="ApplicationIcons.cpp" hdr="ApplicationIcons.h" fwddecl="0" i18n="1" name="ApplicationIcons" language="CPP" />
					<wxPanel wxs="wxsmith\ApplicationInformation.wxs" src="ApplicationInformation.cpp" hdr="ApplicationInformation.h" fwddecl="0" i18n="1" name="ApplicationInformation" language="CPP" />
					<wxPanel wxs="wxsmith\CompilerSettings.wxs" src="CompilerSettings.cpp" hdr="CompilerSettings.h" fwddecl="0" i18n="1" name="CompilerSettings" language="CPP" />
					<wxDialog wxs="wxsmith\CreateDialog.wxs" src="CreateDialog.cpp" hdr="CreateDialog.h" fwddecl="0" i18n="1" name="CreateDialog" language="CPP" />
					<wxPanel wxs="wxsmith\FinishWizard.wxs" src="FinishWizard.cpp" hdr="FinishWizard.h" fwddecl="0" i18n="1" name="FinishWizard" language="CPP" />
					<wxPanel wxs="wxsmith\SetupLanguages.wxs" src="SetupLanguages.cpp" hdr="SetupLanguages.h" fwddecl="0" i18n="1" name="SetupLanguages" language="CPP" />
					<wxPanel wxs="wxsmith\WelcomePage.wxs" src="WelcomePage.cpp" hdr="WelcomePage.h" fwddecl="0" i18n="1" name="WelcomePage" language="CPP" />
					<wxPanel wxs="wxsmith\WizardFile.wxs" src="WizardFile.cpp" hdr="WizardFile.h" fwddecl="0" i18n="1" name="WizardFile" language="CPP" />
					<wxPanel wxs="wxsmith\InnoSettings.wxs" src="InnoSettings.cpp" hdr="InnoSettings.h" xrc="InnoSettings.xrc" fwddecl="0" i18n="1" name="InnoSettings" language="CPP" />
					<wxPanel wxs="wxsmith\InnoEditor.wxs" src="InnoEditor.cpp" hdr="InnoEditor.h" fwddecl="0" i18n="1" name="InnoEditor" language="CPP" />
				</resources>
			</wxsmith>
		</Extensions>
	</Project>
</CodeBlocks_project_file>
