<?xml version="1.0" encoding="UTF-8" standalone="yes" ?><CodeBlocks_project_file>	<FileVersion major="1" minor="6" />	<Project>		<Option title="SmartIndent Unix_MacOS" />		<Option compiler="gcc" />		<Build>			<Target title="SmartIndentHDL">				<Option output="$(PROJECT_DIR)../../../devel$(#WXWIDGETS.WX_VERSION)_$(#CB_BUILD.OSBITS)/share/CodeBlocks/plugins/libSmartIndentHDL" prefix_auto="0" extension_auto="1" />				<Option working_dir="$(TARGET_OUTPUT_DIR)" />				<Option object_output="$(PROJECT_DIR)../../../.objs$(#WXWIDGETS.WX_VERSION)_$(#CB_BUILD.OSBITS)/plugins/SmartIndent" />				<Option type="3" />				<Option compiler="gcc" />				<Option host_application="../../../devel$(#WXWIDGETS.WX_VERSION)_$(#CB_BUILD.OSBITS)/codeblocks" />				<Option run_host_application_in_terminal="0" />				<Option projectCompilerOptionsRelation="2" />				<Compiler>					<Add option="$(#CB_BUILD.CFLAGS)" />					<Add option="-DBUILDING_PLUGIN" />					<Add directory="." />				</Compiler>				<ExtraCommands>					<Add after="cp manifest_hdl.xml ./manifest.xml" />					<Add after="zip -jm9 $(PROJECT_DIR)../../../devel$(#WXWIDGETS.WX_VERSION)_$(#CB_BUILD.OSBITS)/share/CodeBlocks/SmartIndentHDL.zip SRC_CPP/manifest.xml" />					<Mode after="always" />				</ExtraCommands>			</Target>			<Target title="SmartIndentPascal">				<Option output="$(PROJECT_DIR)../../../devel$(#WXWIDGETS.WX_VERSION)_$(#CB_BUILD.OSBITS)/share/CodeBlocks/plugins/libSmartIndentPascal" prefix_auto="0" extension_auto="1" />				<Option working_dir="$(TARGET_OUTPUT_DIR)" />				<Option object_output="$(PROJECT_DIR)../../../.objs$(#WXWIDGETS.WX_VERSION)_$(#CB_BUILD.OSBITS)/plugins/SmartIndent" />				<Option type="3" />				<Option compiler="gcc" />				<Option host_application="../../../devel$(#WXWIDGETS.WX_VERSION)_$(#CB_BUILD.OSBITS)/codeblocks" />				<Option run_host_application_in_terminal="0" />				<Option projectCompilerOptionsRelation="2" />				<Compiler>					<Add option="$(#CB_BUILD.CFLAGS)" />					<Add option="-DBUILDING_PLUGIN" />					<Add directory="." />				</Compiler>				<ExtraCommands>					<Add after="cp manifest_pascal.xml ./manifest.xml" />					<Add after="zip -jm9 $(PROJECT_DIR)../../../devel$(#WXWIDGETS.WX_VERSION)_$(#CB_BUILD.OSBITS)/share/CodeBlocks/SmartIndentPascal.zip SRC_HDL/manifest.xml" />					<Mode after="always" />				</ExtraCommands>			</Target>			<Target title="SmartIndentCpp">				<Option output="$(PROJECT_DIR)../../../devel$(#WXWIDGETS.WX_VERSION)_$(#CB_BUILD.OSBITS)/share/CodeBlocks/plugins/libSmartIndentCpp" prefix_auto="0" extension_auto="1" />				<Option working_dir="$(TARGET_OUTPUT_DIR)" />				<Option object_output="$(PROJECT_DIR)../../../.objs$(#WXWIDGETS.WX_VERSION)_$(#CB_BUILD.OSBITS)/plugins/SmartIndent" />				<Option type="3" />				<Option compiler="gcc" />				<Option host_application="./codeblocks" />				<Option run_host_application_in_terminal="0" />				<Option projectCompilerOptionsRelation="2" />				<Compiler>					<Add option="$(#CB_BUILD.CFLAGS)" />					<Add option="-DBUILDING_PLUGIN" />					<Add directory="." />				</Compiler>				<ExtraCommands>					<Add after="cp manifest_cpp.xml ./manifest.xml" />					<Add after="zip -jm9 $(PROJECT_DIR)../../../devel$(#WXWIDGETS.WX_VERSION)_$(#CB_BUILD.OSBITS)/share/CodeBlocks/SmartIndentCpp.zip SRC_Pascal/manifest.xml" />					<Mode after="always" />				</ExtraCommands>			</Target>			<Target title="SmartIndentPython">				<Option output="$(PROJECT_DIR)../../../devel$(#WXWIDGETS.WX_VERSION)_$(#CB_BUILD.OSBITS)/share/CodeBlocks/plugins/libSmartIndentPython" prefix_auto="0" extension_auto="1" />				<Option working_dir="$(TARGET_OUTPUT_DIR)" />				<Option object_output="$(PROJECT_DIR)../../../.objs$(#WXWIDGETS.WX_VERSION)_$(#CB_BUILD.OSBITS)/plugins/SmartIndent" />				<Option type="3" />				<Option compiler="gcc" />				<Option host_application="../../../devel$(#WXWIDGETS.WX_VERSION)_$(#CB_BUILD.OSBITS)/codeblocks" />				<Option run_host_application_in_terminal="0" />				<Option projectCompilerOptionsRelation="2" />				<Compiler>					<Add option="$(#CB_BUILD.CFLAGS)" />					<Add option="-DBUILDING_PLUGIN" />					<Add directory="." />				</Compiler>				<ExtraCommands>					<Add after="cp manifest_python.xml ./manifest.xml" />					<Add after="zip -jm9 $(PROJECT_DIR)../../../devel$(#WXWIDGETS.WX_VERSION)_$(#CB_BUILD.OSBITS)/share/CodeBlocks/SmartIndentPython.zip SRC_Python/manifest.xml" />					<Mode after="always" />				</ExtraCommands>			</Target>			<Target title="SmartIndentLua">				<Option output="$(PROJECT_DIR)../../../devel$(#WXWIDGETS.WX_VERSION)_$(#CB_BUILD.OSBITS)/share/CodeBlocks/plugins/libSmartIndentLua" prefix_auto="0" extension_auto="1" />				<Option working_dir="$(TARGET_OUTPUT_DIR)" />				<Option object_output="$(PROJECT_DIR)../../../.objs$(#WXWIDGETS.WX_VERSION)_$(#CB_BUILD.OSBITS)/plugins/SmartIndent" />				<Option type="3" />				<Option compiler="gcc" />				<Option host_application="../../../devel$(#WXWIDGETS.WX_VERSION)_$(#CB_BUILD.OSBITS)/codeblocks" />				<Option run_host_application_in_terminal="0" />				<Option projectCompilerOptionsRelation="2" />				<Compiler>					<Add option="$(#CB_BUILD.CFLAGS)" />					<Add option="-DBUILDING_PLUGIN" />					<Add directory="." />				</Compiler>				<ExtraCommands>					<Add after="cp manifest_lua.xml ./manifest.xml" />					<Add after="zip -jm9 $(PROJECT_DIR)../../../devel$(#WXWIDGETS.WX_VERSION)_$(#CB_BUILD.OSBITS)/share/CodeBlocks/SmartIndentLua.zip SRC_LUA/manifest.xml" />					<Mode after="always" />				</ExtraCommands>			</Target>			<Target title="SmartIndentFortran">				<Option output="$(PROJECT_DIR)../../../devel$(#WXWIDGETS.WX_VERSION)_$(#CB_BUILD.OSBITS)/share/CodeBlocks/plugins/libSmartIndentFortran" prefix_auto="0" extension_auto="1" />				<Option working_dir="$(TARGET_OUTPUT_DIR)" />				<Option object_output="$(PROJECT_DIR)../../../.objs$(#WXWIDGETS.WX_VERSION)_$(#CB_BUILD.OSBITS)/plugins/SmartIndent" />				<Option type="3" />				<Option compiler="gcc" />				<Option host_application="../../../devel$(#WXWIDGETS.WX_VERSION)_$(#CB_BUILD.OSBITS)/codeblocks" />				<Option run_host_application_in_terminal="0" />				<Option projectCompilerOptionsRelation="2" />				<Compiler>					<Add option="$(#CB_BUILD.CFLAGS)" />					<Add option="-DBUILDING_PLUGIN" />					<Add directory="." />				</Compiler>				<ExtraCommands>					<Add after="cp manifest_fortran.xml ./manifest.xml" />					<Add after="zip -jm9 $(PROJECT_DIR)../../../devel$(#WXWIDGETS.WX_VERSION)_$(#CB_BUILD.OSBITS)/share/CodeBlocks/SmartIndentFortran.zip SRC_Fortran/manifest.xml" />					<Mode after="always" />				</ExtraCommands>			</Target>			<Target title="SmartIndentXML">				<Option output="$(PROJECT_DIR)../../../devel$(#WXWIDGETS.WX_VERSION)_$(#CB_BUILD.OSBITS)/share/CodeBlocks/plugins/libSmartIndentXML" prefix_auto="0" extension_auto="1" />				<Option working_dir="$(TARGET_OUTPUT_DIR)" />				<Option object_output="$(PROJECT_DIR)../../../.objs$(#WXWIDGETS.WX_VERSION)_$(#CB_BUILD.OSBITS)/plugins/SmartIndent" />				<Option type="3" />				<Option compiler="gcc" />				<Option host_application="../../../devel$(#WXWIDGETS.WX_VERSION)_$(#CB_BUILD.OSBITS)/codeblocks" />				<Option run_host_application_in_terminal="0" />				<Option projectCompilerOptionsRelation="2" />				<Compiler>					<Add option="$(#CB_BUILD.CFLAGS)" />					<Add option="-DBUILDING_PLUGIN" />					<Add directory="." />				</Compiler>				<ExtraCommands>					<Add after="cp manifest_xml.xml ./manifest.xml" />					<Add after="zip -jm9 $(PROJECT_DIR)../../../devel$(#WXWIDGETS.WX_VERSION)_$(#CB_BUILD.OSBITS)/share/CodeBlocks/SmartIndentXML.zip SRC_XML/manifest.xml" />					<Mode after="always" />				</ExtraCommands>			</Target>		</Build>		<VirtualTargets>			<Add alias="All" targets="SmartIndentCpp;SmartIndentHDL;SmartIndentPascal;SmartIndentPython;SmartIndentLua;SmartIndentFortran;SmartIndentXML;" />		</VirtualTargets>		<Compiler>			<Add option="-Wextra" />			<Add option="-Wall" />			<Add option="$(#CB_BUILD.CFLAGS)" />			<Add option="`$(#WXWIDGETS.WX_CONFIG) --cflags`" />			<Add option="-fmessage-length=0" />			<Add option="-fexceptions" />			<Add option="-Winvalid-pch" />			<Add option="-fPIC" />			<Add option="-DcbDEBUG" />			<Add option="-DCB_PRECOMP" />			<Add option="-DWX_PRECOMP" />			<Add option="-std=$(#CB_BUILD.CPP_STD)" />			<Add directory="../../../include" />			<Add directory="../../../include/tinyxml" />			<Add directory="../../../sdk/wxscintilla/include" />		</Compiler>		<Linker>			<Add option="`$(#WXWIDGETS.WX_CONFIG) --libs std,aui,propgrid,richtext`" />			<Add library="codeblocks" />			<Add directory="$(PROJECT_DIR)../../../devel$(#WXWIDGETS.WX_VERSION)_$(#CB_BUILD.OSBITS)" />		</Linker>		<Unit filename="SRC_CPP/SmartIndentCpp.cpp">			<Option target="SmartIndentCpp" />		</Unit>		<Unit filename="SRC_CPP/SmartIndentCpp.h">			<Option target="SmartIndentCpp" />		</Unit>		<Unit filename="SRC_CPP/manifest.xml">			<Option target="SmartIndentCpp" />		</Unit>		<Unit filename="SRC_CPP/manifest.rc" >			<Option compilerVar="WINDRES" />			<Option target="SmartIndentCpp" />		</Unit>		<Unit filename="SRC_Fortran/SmartIndentFortran.cpp">			<Option target="SmartIndentFortran" />		</Unit>		<Unit filename="SRC_Fortran/SmartIndentFortran.h">			<Option target="SmartIndentFortran" />		</Unit>		<Unit filename="SRC_Fortran/manifest.xml">			<Option target="SmartIndentFortran" />		</Unit>		<Unit filename="SRC_Fortran/manifest.rc" >			<Option compilerVar="WINDRES" />			<Option target="SmartIndentFortran" />		</Unit>		<Unit filename="SRC_HDL/SmartIndentHDL.cpp">			<Option target="SmartIndentHDL" />		</Unit>		<Unit filename="SRC_HDL/SmartIndentHDL.h">			<Option target="SmartIndentHDL" />		</Unit>		<Unit filename="SRC_HDL/manifest.xml">			<Option target="SmartIndentHDL" />		</Unit>		<Unit filename="SRC_HDL/manifest.rc" >			<Option compilerVar="WINDRES" />			<Option target="SmartIndentHDL" />		</Unit>		<Unit filename="SRC_LUA/SmartIndentLua.cpp">			<Option target="SmartIndentLua" />		</Unit>		<Unit filename="SRC_LUA/SmartIndentLua.h">			<Option target="SmartIndentLua" />		</Unit>		<Unit filename="SRC_LUA/manifest.xml">			<Option target="SmartIndentLua" />		</Unit>		<Unit filename="SRC_LUA/manifest.rc" >			<Option compilerVar="WINDRES" />			<Option target="SmartIndentLua" />		</Unit>		<Unit filename="SRC_Pascal/SmartIndentPascal.cpp">			<Option target="SmartIndentPascal" />		</Unit>		<Unit filename="SRC_Pascal/SmartIndentPascal.h">			<Option target="SmartIndentPascal" />		</Unit>		<Unit filename="SRC_Pascal/manifest.xml">			<Option target="SmartIndentPascal" />		</Unit>		<Unit filename="SRC_Pascal/manifest.rc" >			<Option compilerVar="WINDRES" />			<Option target="SmartIndentPascal" />		</Unit>		<Unit filename="SRC_Python/SmartIndentPython.cpp">			<Option target="SmartIndentPython" />		</Unit>		<Unit filename="SRC_Python/SmartIndentPython.h">			<Option target="SmartIndentPython" />		</Unit>		<Unit filename="SRC_Python/manifest.xml">			<Option target="SmartIndentPython" />		</Unit>		<Unit filename="SRC_Python/manifest.rc" >			<Option compilerVar="WINDRES" />			<Option target="SmartIndentPython" />		</Unit>		<Unit filename="SRC_XML/SmartIndentXML.cpp">			<Option target="SmartIndentXML" />		</Unit>		<Unit filename="SRC_XML/SmartIndentXML.h">			<Option target="SmartIndentXML" />		</Unit>		<Unit filename="SRC_XML/manifest.xml">			<Option target="SmartIndentXML" />		</Unit>		<Unit filename="SRC_XML/manifest.rc" >			<Option compilerVar="WINDRES" />			<Option target="SmartIndentXML" />		</Unit>		<Extensions>			<code_completion />			<envvars />			<debugger />		</Extensions>	</Project></CodeBlocks_project_file>