<?xml version="1.0" encoding="UTF-8" standalone="yes" ?><CodeBlocks_project_file>	<FileVersion major="1" minor="6" />	<Project>		<Option title="DoxyBlocks Windows" />		<Option platforms="Windows;" />		<Option pch_mode="2" />		<Option compiler="gcc" />		<Build>			<Target title="default">				<Option platforms="Windows;" />				<Option output="../../../devel$(#WXWIDGETS.WX_VERSION)_$(#CB_BUILD.OSBITS)/share/CodeBlocks/plugins/DoxyBlocks" prefix_auto="0" extension_auto="1" />				<Option object_output="../../../.objs$(#WXWIDGETS.WX_VERSION)_$(#CB_BUILD.OSBITS)/plugins/DoxyBlocks" />				<Option type="3" />				<Option compiler="gcc" />				<Option parameters="--debug-log --no-dde --no-check-associations --multiple-instance --no-splash-screen --verbose -p debug" />				<Option host_application="..\..\..\devel$(#WXWIDGETS.WX_VERSION)_$(#CB_BUILD.OSBITS)\codeblocks.exe" />				<Option run_host_application_in_terminal="0" />				<ExtraCommands>					<Add before="cmd /c if not exist $(TARGET_OUTPUT_DIR) mkdir $(TARGET_OUTPUT_DIR)" />					<Add before="cmd /c if not exist ..\..\..\devel$(#WXWIDGETS.WX_VERSION)_$(#CB_BUILD.OSBITS)\share\CodeBlocks\images\settings mkdir ..\..\..\devel$(#WXWIDGETS.WX_VERSION)_$(#CB_BUILD.OSBITS)\share\CodeBlocks\images\settings &gt; $CMD_NULL 2&gt; $CMD_NULL" />					<Mode before="always" />					<!-- create zip file-->					<Add after="zip -jq9 ..\..\..\devel$(#WXWIDGETS.WX_VERSION)_$(#CB_BUILD.OSBITS)\share\CodeBlocks\DoxyBlocks.zip manifest.xml" />					<Add after="zip -rq9 ..\..\..\devel$(#WXWIDGETS.WX_VERSION)_$(#CB_BUILD.OSBITS)\share\CodeBlocks\DoxyBlocks.zip ./images" />					<!-- copy images -->					<Add after="xcopy /Q /Y *.png ..\..\..\devel$(#WXWIDGETS.WX_VERSION)_$(#CB_BUILD.OSBITS)\share\CodeBlocks\images\settings\" />					<Mode after="always" />				</ExtraCommands>			</Target>		</Build>		<VirtualTargets>			<Add alias="All" targets="default;" />		</VirtualTargets>		<Compiler>			<Add option="-Wall" />			<Add option="-pipe" />			<Add option="-mthreads" />			<Add option="-fmessage-length=0" />			<Add option="-fexceptions" />			<Add option="-DBUILDING_PLUGIN" />			<Add option="-DHAVE_W32API_H" />			<Add option="-D__WXMSW__" />			<Add option="-D_WIN$(#CB_BUILD.OSBITS)" />			<Add option="-DWXUSINGDLL" />			<Add option="-DcbDEBUG" />			<Add option="-Winvalid-pch" />			<Add option="-DCB_PRECOMP" />			<Add option="-DwxUSE_UNICODE" />			<Add option="-std=$(#CB_BUILD.CPP_STD)" />			<Add option="$(#CB_BUILD.CFLAGS)" />			<Add directory="../../../include" />			<Add directory="../../../include/tinyxml" />			<Add directory="../../../sdk/wxscintilla/include" />			<Add option="`$(#WXWIDGETS.WX_CONFIG) --cflags`" />		</Compiler>		<ResourceCompiler>			<Add option="`$(#WXWIDGETS.WX_CONFIG) --cflags`" />		</ResourceCompiler>		<Linker>			<Add option="-Wl,--enable-auto-import" />			<Add option="-mthreads" />			<Add library="codeblocks" />			<Add option="`$(#WXWIDGETS.WX_CONFIG) --libs std,aui,propgrid`" />			<Add directory="../../../devel$(#WXWIDGETS.WX_VERSION)_$(#CB_BUILD.OSBITS)" />		</Linker>		<Unit filename="AutoDoc.cpp" />		<Unit filename="ChangeLog.txt" />		<Unit filename="Config.cpp" />		<Unit filename="Config.h" />		<Unit filename="ConfigPanel.cpp" />		<Unit filename="ConfigPanel.h" />		<Unit filename="DoxyBlocks.cpp" />		<Unit filename="DoxyBlocks.h" />		<Unit filename="DoxyBlocksLogger.cpp" />		<Unit filename="DoxyBlocksLogger.h" />		<Unit filename="Expressions.h" />		<Unit filename="ExtractDocs.cpp" />		<Unit filename="manifest.rc">			<Option compilerVar="WINDRES" />		</Unit>		<Unit filename="manifest.xml" />		<Unit filename="wxsmith/ConfigPanel.wxs" />		<Extensions>			<AutoVersioning>				<Scheme minor_max="10" build_max="0" rev_max="0" rev_rand_max="10" build_times_to_increment_minor="100" />				<Settings autoincrement="1" date_declarations="1" use_define="0" update_manifest="1" do_auto_increment="1" ask_to_increment="0" language="C++" svn="0" svn_directory="" header_path="version.h" />				<Changes_Log show_changes_editor="0" app_title="released version %M.%m.%b of %p" changeslog_path="ChangeLog.txt" />				<Code header_guard="VERSION_H" namespace="AutoVersion" prefix="" />			</AutoVersioning>			<DoxyBlocks>				<comment_style block="3" line="1" />				<doxyfile_project project_number="1.7.655" use_auto_version="1" />				<doxyfile_build extract_private="1" extract_static="1" />				<doxyfile_warnings warn_if_undocumented="1" />				<doxyfile_output html_help="1" />				<doxyfile_dot class_diagrams="1" have_dot="1" />				<general />			</DoxyBlocks>			<wxsmith version="1">				<resources>					<wxPanel wxs="wxsmith/ConfigPanel.wxs" src="ConfigPanel.cpp" hdr="ConfigPanel.h" fwddecl="0" i18n="1" name="ConfigPanel" language="CPP" />				</resources>			</wxsmith>		</Extensions>	</Project></CodeBlocks_project_file>