<?xml version="1.0" encoding="UTF-8" standalone="yes" ?>
<CodeBlocks_project_file>
	<FileVersion major="1" minor="6" />
	<Project>
		<Option title="cbSystemView" />
		<Option compiler="gcc" />
		<Build>
			<Target title="cbSystemView_build">
				<Option output="$(#CB_BUILD)/devel$(#WXWIDGETS.WX_VERSION)_$(#CB_BUILD.OSBITS)/share/codeblocks/plugins/cbSystemView" prefix_auto="0" extension_auto="1" />
				<Option working_dir="$(#CB_BUILD)/devel$(#WXWIDGETS.WX_VERSION)_$(#CB_BUILD.OSBITS)/" />
				<Option object_output="$(#CB_BUILD)/.objs$(#WXWIDGETS.WX_VERSION)_$(#CB_BUILD.OSBITS)/cbSystemView_build" />
				<Option type="3" />
				<Option compiler="gcc" />
				<Option parameters="--debug-log --multiple-instance --no-splash-screen --verbose -p debug --no-ipc " />
				<Option host_application="$(#CB_BUILD)/devel$(#WXWIDGETS.WX_VERSION)_$(#CB_BUILD.OSBITS)/codeblocks" />
				<Option run_host_application_in_terminal="0" />
				<Compiler>
					<Add directory="$(#CB_BUILD.INCLUDE)" />
					<Add directory="$(#CB_BUILD)/sdk/wxscintilla/include" />
					<Add directory="$(#CB_BUILD.INCLUDE)/tinyxml" />
				</Compiler>
				<Linker>
					<Add library="codeblocks" />
					<Add directory="$(#CB_BUILD)/devel$(#WXWIDGETS.WX_VERSION)_$(#CB_BUILD.OSBITS)/" />
				</Linker>
				<ExtraCommands>
					<Add after="zip -jq9 $(#CB_BUILD)/devel$(#WXWIDGETS.WX_VERSION)_$(#CB_BUILD.OSBITS)/share/codeblocks/cbSystemView.zip manifest.xml" />
					<Add after="zip -rq9 $(#CB_BUILD)/devel$(#WXWIDGETS.WX_VERSION)_$(#CB_BUILD.OSBITS)/share/codeblocks/cbSystemView.zip images/*" />
					<Add after="zip -jq9 $(#CB_BUILD)/devel$(#WXWIDGETS.WX_VERSION)_$(#CB_BUILD.OSBITS)/share/codeblocks/cbSystemView.zip res/*.xrc" />
					<Mode after="always" />
				</ExtraCommands>
			</Target>
			<Target title="cbSystemView_plugin">
				<Option output="output/wx$(#WXWIDGETS.WX_VERSION)_$(#CB_BUILD.OSBITS)/cbSystemView" prefix_auto="0" extension_auto="1" />
				<Option object_output="$(#CB_BUILD)/.objs$(#WXWIDGETS.WX_VERSION)_$(#CB_BUILD.OSBITS)/cbSystemView_plugin" />
				<Option type="3" />
				<Option compiler="gcc" />
				<Compiler>
					<Add directory="$(#CB_BUILD.INCLUDE)" />
					<Add directory="$(#CB_BUILD)/sdk/wxscintilla/include" />
					<Add directory="$(#CB_BUILD.INCLUDE)/tinyxml" />
				</Compiler>
				<Linker>
					<Add library="codeblocks" />
					<Add directory="$(#CB_BUILD)/devel$(#WXWIDGETS.WX_VERSION)_$(#CB_BUILD.OSBITS)/" />
				</Linker>
				<ExtraCommands>
					<Add after="mkdir -p plugin_wx$(#WXWIDGETS.WX_VERSION)_$(#CB_BUILD.OSBITS)" />
					<Add after="zip -jq9 plugin_wx$(#WXWIDGETS.WX_VERSION)_$(#CB_BUILD.OSBITS)/cbSystemView.zip manifest.xml" />
					<Add after="zip -rq9 plugin_wx$(#WXWIDGETS.WX_VERSION)_$(#CB_BUILD.OSBITS)/cbSystemView.zip images/*" />
					<Add after="zip -jq9 plugin_wx$(#WXWIDGETS.WX_VERSION)_$(#CB_BUILD.OSBITS)/cbSystemView.zip res/*" />
					<Add after="zip -jq9 plugin_wx$(#WXWIDGETS.WX_VERSION)_$(#CB_BUILD.OSBITS)/cbSystemView.cbplugin $(TARGET_OUTPUT_FILE) plugin_wx$(#WXWIDGETS.WX_VERSION)_$(#CB_BUILD.OSBITS)/cbSystemView.zip" />
					<Mode after="always" />
				</ExtraCommands>
			</Target>
		</Build>
		<VirtualTargets>
			<Add alias="All" targets="cbSystemView_build;cbSystemView_plugin;" />
		</VirtualTargets>
		<Compiler>
			<Add option="-Wall" />
			<Add option="-D__WXMAC__" />
			<Add option="-std=$(#CB_BUILD.CPP_STD)" />
			<Add option="-fPIC" />
			<Add option="`$(#WXWIDGETS.WX_CONFIG_MACOS) --cflags`" />
			<Add directory="$(#CB_BUILD.INCLUDE)" />
			<Add directory="." />
		</Compiler>
		<Linker>
			<Add option="`$(#WXWIDGETS.WX_CONFIG_MACOS)  --libs std,aui,propgrid`" />
		</Linker>
		<Unit filename="cbSystemView.cpp" />
		<Unit filename="cbSystemView.h" />
		<Unit filename="include/cbSVProjectConfigPanel.h" />
		<Unit filename="include/cbSVDFileReader.h" />
		<Unit filename="include/cbSVPGProperties.h" />
		<Unit filename="include/cbSVWindow.h" />
		<Unit filename="manifest.xml" />
		<Unit filename="res/ProjectConfig.xrc" />
		<Unit filename="src/cbSVProjectConfigPanel.cpp" />
		<Unit filename="src/cbSVDFileReader.cpp" />
		<Unit filename="src/cbSVPGProperties.cpp" />
		<Unit filename="src/cbSVWindow.cpp" />
		<Unit filename="wxsmith/ProjectConfigPanel.wxs" />
		<Extensions>
			<code_completion />
			<envvars />
			<debugger />
			<wxsmith version="1">
				<resources>
					<wxPanel wxs="wxsmith/ProjectConfigPanel.wxs" src="src/ProjectConfigPanel.cpp" hdr="include/ProjectConfigPanel.h" xrc="res/ProjectConfig.xrc" fwddecl="0" i18n="1" name="ProjectConfigPanel" language="CPP" />
				</resources>
			</wxsmith>
		</Extensions>
	</Project>
</CodeBlocks_project_file>
