<?xml version="1.0" encoding="UTF-8" standalone="yes" ?>
<CodeBlocks_project_file>
	<FileVersion major="1" minor="6" />
	<Project>
		<Option title="Debugger WXDAP CLI Demo MacOS" />
		<Option compiler="clang" />
		<Build>
			<Target title="Debugger WXDAP CLI Demo">
				<Option output="$(#CB_BUILD)/devel$(#WXWIDGETS.WX_VERSION)_$(#CB_BUILD.OSBITS)/CLI_WXDAP_Demo" prefix_auto="0" extension_auto="1" />
				<Option working_dir="$(#CB_BUILD)/devel$(#WXWIDGETS.WX_VERSION)_$(#CB_BUILD.OSBITS)" />
				<Option object_output="$(#CB_BUILD)/.objs$(#WXWIDGETS.WX_VERSION)_$(#CB_BUILD.OSBITS)/CLI_WXDAP_Demo" />
				<Option type="1" />
			</Target>
		</Build>
		<Compiler>
			<Add option="-Wall" />
			<Add option="-D__WXMAC__" />
			<Add option="-std=$(#CB_BUILD.CPP_STD)" />
			<Add option="-std=$(#CB_BUILD.C_STD)" />
			<Add option="$(#CB_BUILD.CFLAGS)" />
			<Add option="-Winvalid-pch" />
			<Add option="`$(#WXWIDGETS.WX_CONFIG_MACOS) --cflags`" />
			<Add option="`/usr/local/bin/pkg-config --cflags`" />
			<Add option="-DcbDEBUG" />
			<Add directory="." />
			<Add directory="..\DebugAdapterProtocol" />
			<Add directory="$(#CB_BUILD.INCLUDE)" />
		</Compiler>
		<ResourceCompiler>
			<Add directory="$(#WXWIDGETS.include)" />
			<Add directory="$(#WXWIDGETS.lib)\gcc_dll$(#WXWIDGETS.WX_CFG)\msw$(#WXWIDGETS.WX_SUFFIX)" />
		</ResourceCompiler>
		<Linker>
			<Add option="`/usr/local/bin/pkg-config --libs codeblocks`" />
			<Add option="`$(#WXWIDGETS.WX_CONFIG_MACOS) --toolkit=gtk3 --libs all`" />			
			<Add directory="$(#CB_BUILD)\devel$(#WXWIDGETS.WX_VERSION)_$(#CB_BUILD.OSBITS)" />
			<Add library="debugger_WXDAP" />
		</Linker>
		<!-- Unit filename="manifest.rc" >
			<Option compilerVar="WINDRES" />
		</Unit -->
		<Unit filename="UI.cpp"/>
		<Unit filename="UI.hpp"/>
		<Unit filename="UI_dbgcli_bitmaps.cpp"/>
		<Unit filename="UI.wxcp"/>
		<Unit filename="resources/manifest.rc">
			<Option compilerVar="WINDRES" />
			<Option compile="0" />
			<Option link="0" />
		</Unit>
		<Unit filename="MainFrame.cpp"/>
		<Unit filename="MainFrame.hpp"/>
		<Unit filename="../README.md"/>
		<Unit filename="ConsoleApp.cpp"/>
		<Unit filename="ConsoleApp.hpp"/>
	</Project>
</CodeBlocks_project_file>