<?xml version="1.0" encoding="UTF-8" standalone="yes" ?>
<CodeBlocks_project_file>
	<FileVersion major="1" minor="6" />
	<Project>
		<Option title="cbMemoryView" />
		<Option default_target="cbMemoryView_create_plugin" />
		<Option compiler="gcc" />
		<Build>
			<Target title="cbMemoryView_create_plugin">
				<Option output="$(#CB_BUILD)\devel$(#WXWIDGETS.WX_VERSION)_$(#CB_BUILD.OSBITS)\share\CodeBlocks\plugins\cbMemoryView" prefix_auto="0" extension_auto="1" />
				<Option object_output="$(#CB_BUILD)\.objs$(#WXWIDGETS.WX_VERSION)_$(#CB_BUILD.OSBITS)\plugins\cbMemoryView" />
				<Option type="3" />
				<Option compiler="gcc" />
				<Option host_application="$(#CB_BUILD)\devel$(#WXWIDGETS.WX_VERSION)_$(#CB_BUILD.OSBITS)\codeblocks.exe" />
				<Option run_host_application_in_terminal="0" />
				<ExtraCommands>
					<!-- Create output directory if it does not exist -->
					<Add before="cmd /c if not exist $(TARGET_OUTPUT_DIR) mkdir $(TARGET_OUTPUT_DIR)" />

					<Add after="cmd /c if exist $(TARGET_OUTPUT_BASENAME).cbplugin del $(TARGET_OUTPUT_BASENAME).cbplugin" />
					<Add after="cmd /c if exist $(TARGET_OUTPUT_BASENAME).zip      del $(TARGET_OUTPUT_BASENAME).zip" />
					<Add after="cmd /c if exist $(TARGET_OUTPUT_FILENAME)          del $(TARGET_OUTPUT_FILENAME)" />
					
					<Add after="cmd /c if exist $(#CB_BUILD)\devel$(#WXWIDGETS.WX_VERSION)_$(#CB_BUILD.OSBITS)\share\CodeBlocks\$(TARGET_OUTPUT_BASENAME).zip del $(#CB_BUILD)\devel$(#WXWIDGETS.WX_VERSION)_$(#CB_BUILD.OSBITS)\share\CodeBlocks\$(TARGET_OUTPUT_BASENAME).zip" />
					<Add after="zip -qj9 $(#CB_BUILD)\devel$(#WXWIDGETS.WX_VERSION)_$(#CB_BUILD.OSBITS)\share\CodeBlocks\$(TARGET_OUTPUT_BASENAME).zip manifest.xml *.xrc" />
					<Add after="zip -qr9 $(#CB_BUILD)\devel$(#WXWIDGETS.WX_VERSION)_$(#CB_BUILD.OSBITS)\share\CodeBlocks\$(TARGET_OUTPUT_BASENAME).zip images" />

					<Add after="zip -qj9 $(TARGET_OUTPUT_BASENAME).zip manifest.xml *.xrc" />
					<Add after="zip -qr9 $(TARGET_OUTPUT_BASENAME).zip images" />
					<Add after="cmd /c copy $(TARGET_OUTPUT_FILE)" />
					<Add after="strip $(TARGET_OUTPUT_FILENAME)" />
					<Add after="zip -qj9 $(TARGET_OUTPUT_BASENAME).cbplugin $(TARGET_OUTPUT_FILENAME) $(TARGET_OUTPUT_BASENAME).zip" />

					<Add after="cmd /c if exist $(TARGET_OUTPUT_BASENAME).zip del $(TARGET_OUTPUT_BASENAME).zip" />
					<Add after="cmd /c if exist $(TARGET_OUTPUT_FILENAME) del $(TARGET_OUTPUT_FILENAME)" />
					<Mode after="always" />
				</ExtraCommands>
			</Target>
		</Build>
		<VirtualTargets>
			<Add alias="All" targets="cbMemoryView_create_plugin;" />
		</VirtualTargets>
		<Compiler>
			<Add option="-Wall" />
			<Add option="$(#CB_BUILD.CFLAGS)" />
			<Add option="-pipe" />
			<Add option="-fmessage-length=0" />
			<Add option="-fexceptions" />
			<Add option="-mthreads" />
			<Add option="-std=$(#CB_BUILD.CPP_STD)" />
			<Add option="-m$(#CB_BUILD.OSBITS)" />
			<Add option="-fno-keep-inline-dllexport" />
			<Add option="-DBUILDING_PLUGIN" />
			<Add option="-DHAVE_W32API_H" />
			<Add option="-D__WXMSW__" />
			<Add option="-DWXUSINGDLL" />
			<Add option="-DcbDEBUG" />
			<Add option="-DwxUSE_UNICODE" />
			<Add option="-D_WIN$(#CB_BUILD.OSBITS)" />
			<Add directory=".\include" />
			<Add directory="$(#CB_BUILD.INCLUDE)" />
			<Add directory="$(#CB_BUILD)\sdk\wxscintilla\include" />
			<Add directory="$(#CB_BUILD.INCLUDE)\tinyxml" />
			<Add directory="$(#WXWIDGETS.include)" />
			<Add directory="$(#WXWIDGETS.lib)\gcc_dll$(#WXWIDGETS.WX_CFG)\msw$(#WXWIDGETS.WX_SUFFIX)" />
		</Compiler>
		<ResourceCompiler>
			<Add directory="$(#WXWIDGETS.include)" />
			<Add directory="$(#WXWIDGETS)/lib/gcc_dll$(#WXWIDGETS.WX_CFG)/msw$(#WXWIDGETS.WX_SUFFIX)" />
		</ResourceCompiler>
		<Linker>
			<Add option="-Wl,--enable-auto-import" />
			<Add option="-Wl,--no-undefined" />
			<Add option="-mthreads" />
			<Add directory="$(#CB_BUILD)\devel$(#WXWIDGETS.WX_VERSION)_$(#CB_BUILD.OSBITS)" />
			<Add directory="$(#WXWIDGETS.lib)\gcc_dll$(#WXWIDGETS.WX_CFG)" />
			<Add library="codeblocks" />
			<Add library="wxmsw$(#WXWIDGETS.WX_VERSION)$(#WXWIDGETS.WX_SUFFIX)" />
		</Linker>
		<Unit filename="MemoryPanel.cpp" />
		<Unit filename="MemoryPanel.h" />
		<Unit filename="cbMemoryView.cpp" />
		<Unit filename="cbMemoryView.h" />
		<Unit filename="include\cbmvwindow.h" />
		<Unit filename="manifest.xml" />
		<Unit filename="manifest.rc" >
			<Option compilerVar="WINDRES" />
		</Unit>
		<Unit filename="src\cbmvwindow.cpp" />
		<Unit filename="wxsmith\MemoryPanel.wxs" />
		<Extensions>
			<wxsmith version="1">
				<resources>
					<wxPanel wxs="wxsmith\MemoryPanel.wxs" src="MemoryPanel.cpp" hdr="MemoryPanel.h" xrc="MemoryPanel.xrc" fwddecl="0" i18n="1" name="MemoryPanel" language="CPP" />
				</resources>
			</wxsmith>
		</Extensions>
	</Project>
</CodeBlocks_project_file>
